
Microsoft Visual Studio Solution File, Format Version 12.00
# Visual Studio Version 16
VisualStudioVersion = 16.0.30413.136
MinimumVisualStudioVersion = 10.0.40219.1
Project("{FAE04EC0-301F-11D3-BF4B-00C04F79EFBC}") = "ejercicio_expendedora", "ejercicio_expendedora.csproj", "{819B5249-C36F-4C18-9395-F5EF224CD6B9}"
EndProject
Global
	GlobalSection(SolutionConfigurationPlatforms) = preSolution
		Debug|Any CPU = Debug|Any CPU
		Release|Any CPU = Release|Any CPU
	EndGlobalSection
	GlobalSection(ProjectConfigurationPlatforms) = postSolution
		{819B5249-C36F-4C18-9395-F5EF224CD6B9}.Debug|Any CPU.ActiveCfg = Debug|Any CPU
		{819B5249-C36F-4C18-9395-F5EF224CD6B9}.Debug|Any CPU.Build.0 = Debug|Any CPU
		{819B5249-C36F-4C18-9395-F5EF224CD6B9}.Release|Any CPU.ActiveCfg = Release|Any CPU
		{819B5249-C36F-4C18-9395-F5EF224CD6B9}.Release|Any CPU.Build.0 = Release|Any CPU
	EndGlobalSection
	GlobalSection(SolutionProperties) = preSolution
		HideSolutionNode = FALSE
	EndGlobalSection
	GlobalSection(ExtensibilityGlobals) = postSolution
		SolutionGuid = {A6A57588-67F3-46FD-AD8D-CE658AFDF98D}
	EndGlobalSection
EndGlobal
